
Microsoft Visual Studio Solution File, Format Version 12.00
# Visual Studio Version 16
VisualStudioVersion = 16.0.30225.117
MinimumVisualStudioVersion = 10.0.40219.1
Project("{FAE04EC0-301F-11D3-BF4B-00C04F79EFBC}") = "Async-Inn", "Async-Inn\Async-Inn.csproj", "{0FBA1766-2F92-4AC1-A769-B7EA36FD3F87}"
EndProject
Global
	GlobalSection(SolutionConfigurationPlatforms) = preSolution
		Debug|Any CPU = Debug|Any CPU
		Release|Any CPU = Release|Any CPU
	EndGlobalSection
	GlobalSection(ProjectConfigurationPlatforms) = postSolution
		{0FBA1766-2F92-4AC1-A769-B7EA36FD3F87}.Debug|Any CPU.ActiveCfg = Debug|Any CPU
		{0FBA1766-2F92-4AC1-A769-B7EA36FD3F87}.Debug|Any CPU.Build.0 = Debug|Any CPU
		{0FBA1766-2F92-4AC1-A769-B7EA36FD3F87}.Release|Any CPU.ActiveCfg = Release|Any CPU
		{0FBA1766-2F92-4AC1-A769-B7EA36FD3F87}.Release|Any CPU.Build.0 = Release|Any CPU
	EndGlobalSection
	GlobalSection(SolutionProperties) = preSolution
		HideSolutionNode = FALSE
	EndGlobalSection
	GlobalSection(ExtensibilityGlobals) = postSolution
		SolutionGuid = {0241DBFC-3EFD-43E9-A1E6-792AB3356613}
	EndGlobalSection
EndGlobal
